
Microsoft Visual Studio Solution File, Format Version 12.00
# Visual Studio Version 17
VisualStudioVersion = 17.0.31903.59
MinimumVisualStudioVersion = 10.0.40219.1
Project("{2150E333-8FDC-42A3-9474-1A3956D46DE8}") = "Server", "Server", "{DAD03CFC-D5FA-AC94-41C7-9ABAB326F09E}"
EndProject
Project("{FAE04EC0-301F-11D3-BF4B-00C04F79EFBC}") = "Entities", "Server\Entities\Entities.csproj", "{DC25757B-C682-4941-9286-E3B6E5E4E902}"
EndProject
Project("{FAE04EC0-301F-11D3-BF4B-00C04F79EFBC}") = "RepositoryContracts", "Server\RepositoryContracts\RepositoryContracts.csproj", "{6E2FCDE0-3A80-4C1F-BAB7-02A831B56E21}"
EndProject
Project("{FAE04EC0-301F-11D3-BF4B-00C04F79EFBC}") = "InMemoryRepositories", "Server\InMemoryRepositories\InMemoryRepositories.csproj", "{C4962961-47AE-402A-9C2E-2C16EA800347}"
EndProject
Global
	GlobalSection(SolutionConfigurationPlatforms) = preSolution
		Debug|Any CPU = Debug|Any CPU
		Debug|x64 = Debug|x64
		Debug|x86 = Debug|x86
		Release|Any CPU = Release|Any CPU
		Release|x64 = Release|x64
		Release|x86 = Release|x86
	EndGlobalSection
	GlobalSection(ProjectConfigurationPlatforms) = postSolution
		{DC25757B-C682-4941-9286-E3B6E5E4E902}.Debug|Any CPU.ActiveCfg = Debug|Any CPU
		{DC25757B-C682-4941-9286-E3B6E5E4E902}.Debug|Any CPU.Build.0 = Debug|Any CPU
		{DC25757B-C682-4941-9286-E3B6E5E4E902}.Debug|x64.ActiveCfg = Debug|Any CPU
		{DC25757B-C682-4941-9286-E3B6E5E4E902}.Debug|x64.Build.0 = Debug|Any CPU
		{DC25757B-C682-4941-9286-E3B6E5E4E902}.Debug|x86.ActiveCfg = Debug|Any CPU
		{DC25757B-C682-4941-9286-E3B6E5E4E902}.Debug|x86.Build.0 = Debug|Any CPU
		{DC25757B-C682-4941-9286-E3B6E5E4E902}.Release|Any CPU.ActiveCfg = Release|Any CPU
		{DC25757B-C682-4941-9286-E3B6E5E4E902}.Release|Any CPU.Build.0 = Release|Any CPU
		{DC25757B-C682-4941-9286-E3B6E5E4E902}.Release|x64.ActiveCfg = Release|Any CPU
		{DC25757B-C682-4941-9286-E3B6E5E4E902}.Release|x64.Build.0 = Release|Any CPU
		{DC25757B-C682-4941-9286-E3B6E5E4E902}.Release|x86.ActiveCfg = Release|Any CPU
		{DC25757B-C682-4941-9286-E3B6E5E4E902}.Release|x86.Build.0 = Release|Any CPU
		{6E2FCDE0-3A80-4C1F-BAB7-02A831B56E21}.Debug|Any CPU.ActiveCfg = Debug|Any CPU
		{6E2FCDE0-3A80-4C1F-BAB7-02A831B56E21}.Debug|Any CPU.Build.0 = Debug|Any CPU
		{6E2FCDE0-3A80-4C1F-BAB7-02A831B56E21}.Debug|x64.ActiveCfg = Debug|Any CPU
		{6E2FCDE0-3A80-4C1F-BAB7-02A831B56E21}.Debug|x64.Build.0 = Debug|Any CPU
		{6E2FCDE0-3A80-4C1F-BAB7-02A831B56E21}.Debug|x86.ActiveCfg = Debug|Any CPU
		{6E2FCDE0-3A80-4C1F-BAB7-02A831B56E21}.Debug|x86.Build.0 = Debug|Any CPU
		{6E2FCDE0-3A80-4C1F-BAB7-02A831B56E21}.Release|Any CPU.ActiveCfg = Release|Any CPU
		{6E2FCDE0-3A80-4C1F-BAB7-02A831B56E21}.Release|Any CPU.Build.0 = Release|Any CPU
		{6E2FCDE0-3A80-4C1F-BAB7-02A831B56E21}.Release|x64.ActiveCfg = Release|Any CPU
		{6E2FCDE0-3A80-4C1F-BAB7-02A831B56E21}.Release|x64.Build.0 = Release|Any CPU
		{6E2FCDE0-3A80-4C1F-BAB7-02A831B56E21}.Release|x86.ActiveCfg = Release|Any CPU
		{6E2FCDE0-3A80-4C1F-BAB7-02A831B56E21}.Release|x86.Build.0 = Release|Any CPU
		{C4962961-47AE-402A-9C2E-2C16EA800347}.Debug|Any CPU.ActiveCfg = Debug|Any CPU
		{C4962961-47AE-402A-9C2E-2C16EA800347}.Debug|Any CPU.Build.0 = Debug|Any CPU
		{C4962961-47AE-402A-9C2E-2C16EA800347}.Debug|x64.ActiveCfg = Debug|Any CPU
		{C4962961-47AE-402A-9C2E-2C16EA800347}.Debug|x64.Build.0 = Debug|Any CPU
		{C4962961-47AE-402A-9C2E-2C16EA800347}.Debug|x86.ActiveCfg = Debug|Any CPU
		{C4962961-47AE-402A-9C2E-2C16EA800347}.Debug|x86.Build.0 = Debug|Any CPU
		{C4962961-47AE-402A-9C2E-2C16EA800347}.Release|Any CPU.ActiveCfg = Release|Any CPU
		{C4962961-47AE-402A-9C2E-2C16EA800347}.Release|Any CPU.Build.0 = Release|Any CPU
		{C4962961-47AE-402A-9C2E-2C16EA800347}.Release|x64.ActiveCfg = Release|Any CPU
		{C4962961-47AE-402A-9C2E-2C16EA800347}.Release|x64.Build.0 = Release|Any CPU
		{C4962961-47AE-402A-9C2E-2C16EA800347}.Release|x86.ActiveCfg = Release|Any CPU
		{C4962961-47AE-402A-9C2E-2C16EA800347}.Release|x86.Build.0 = Release|Any CPU
	EndGlobalSection
	GlobalSection(SolutionProperties) = preSolution
		HideSolutionNode = FALSE
	EndGlobalSection
	GlobalSection(NestedProjects) = preSolution
		{DC25757B-C682-4941-9286-E3B6E5E4E902} = {DAD03CFC-D5FA-AC94-41C7-9ABAB326F09E}
		{6E2FCDE0-3A80-4C1F-BAB7-02A831B56E21} = {DAD03CFC-D5FA-AC94-41C7-9ABAB326F09E}
		{C4962961-47AE-402A-9C2E-2C16EA800347} = {DAD03CFC-D5FA-AC94-41C7-9ABAB326F09E}
	EndGlobalSection
EndGlobal
